{
  "name": "example32",
  "version": "1.0.0",
  "lockfileVersion": 3,
  "requires": true,
  "packages": {
    "": {
      "name": "example32",
      "version": "1.0.0",
      "license": "ISC",
      "dependencies": {
        "core-js": "^3.36.0"
      }
    },
    "node_modules/core-js": {
      "version": "3.36.0",
      "resolved": "https://registry.npmjs.org/core-js/-/core-js-3.36.0.tgz",
      "integrity": "sha512-mt7+TUBbTFg5+GngsAxeKBTl5/VS0guFeJacYge9OmHb+m058UwwIm41SE9T4Den7ClatV57B6TYTuJ0CX1MAw==",
      "hasInstallScript": true,
      "funding": {
        "type": "opencollective",
        "url": "https://opencollective.com/core-js"
      }
    }
  }
}
